{
  "name": "multi-lang-plugin",
  "lockfileVersion": 3,
  "requires": true,
  "packages": {
    "": {
      "devDependencies": {
        "@figma/plugin-typings": "^1.117.0"
      },
      "version": "1.0.1"
    },
    "node_modules/@figma/plugin-typings": {
      "version": "1.117.0",
      "resolved": "https://registry.npmmirror.com/@figma/plugin-typings/-/plugin-typings-1.117.0.tgz",
      "integrity": "sha512-EDirBOeOcS90SQ5SwrJyTiL6iJxG/81U9nzJJkBqdWRHGMfFWAOydbAlcRylgETKwIKRlflL92nNSt+WmnweKA==",
      "dev": true,
      "license": "MIT License"
    }
  },
  "version": "1.0.1"
}
